
Microsoft Visual Studio Solution File, Format Version 12.00
# Visual Studio Version 17
VisualStudioVersion = 17.5.33414.496
MinimumVisualStudioVersion = 10.0.40219.1
Project("{9A19103F-16F7-4668-BE54-9A1E7A4F7556}") = "VitaBona", "VitaBonaa\VitaBona.csproj", "{95177258-D47F-4377-A719-68D843A2753E}"
EndProject
Global
	GlobalSection(SolutionConfigurationPlatforms) = preSolution
		Debug|Any CPU = Debug|Any CPU
		Release|Any CPU = Release|Any CPU
	EndGlobalSection
	GlobalSection(ProjectConfigurationPlatforms) = postSolution
		{95177258-D47F-4377-A719-68D843A2753E}.Debug|Any CPU.ActiveCfg = Debug|Any CPU
		{95177258-D47F-4377-A719-68D843A2753E}.Debug|Any CPU.Build.0 = Debug|Any CPU
		{95177258-D47F-4377-A719-68D843A2753E}.Release|Any CPU.ActiveCfg = Release|Any CPU
		{95177258-D47F-4377-A719-68D843A2753E}.Release|Any CPU.Build.0 = Release|Any CPU
	EndGlobalSection
	GlobalSection(SolutionProperties) = preSolution
		HideSolutionNode = FALSE
	EndGlobalSection
	GlobalSection(ExtensibilityGlobals) = postSolution
		SolutionGuid = {809E1DA8-D829-4B39-8570-AED894E27516}
	EndGlobalSection
EndGlobal
